
Microsoft Visual Studio Solution File, Format Version 12.00
# Visual Studio 15
VisualStudioVersion = 15.0.28307.757
MinimumVisualStudioVersion = 10.0.40219.1
Project("{FAE04EC0-301F-11D3-BF4B-00C04F79EFBC}") = "MedhubCashieringAndInventory.POS", "MedhubCashieringAndInventory.POS\MedhubCashieringAndInventory.POS.csproj", "{B01A8C86-E9D8-4DBB-889D-35D742F24EF0}"
EndProject
Project("{FAE04EC0-301F-11D3-BF4B-00C04F79EFBC}") = "MedhubCashieringAndInventory.Domain", "MedhubCashieringAndInventory.Domain\MedhubCashieringAndInventory.Domain.csproj", "{316F5260-9DD4-4428-B98B-014CE9F3097F}"
EndProject
Global
	GlobalSection(SolutionConfigurationPlatforms) = preSolution
		Debug|Any CPU = Debug|Any CPU
		Release|Any CPU = Release|Any CPU
	EndGlobalSection
	GlobalSection(ProjectConfigurationPlatforms) = postSolution
		{B01A8C86-E9D8-4DBB-889D-35D742F24EF0}.Debug|Any CPU.ActiveCfg = Debug|Any CPU
		{B01A8C86-E9D8-4DBB-889D-35D742F24EF0}.Debug|Any CPU.Build.0 = Debug|Any CPU
		{B01A8C86-E9D8-4DBB-889D-35D742F24EF0}.Release|Any CPU.ActiveCfg = Release|Any CPU
		{B01A8C86-E9D8-4DBB-889D-35D742F24EF0}.Release|Any CPU.Build.0 = Release|Any CPU
		{316F5260-9DD4-4428-B98B-014CE9F3097F}.Debug|Any CPU.ActiveCfg = Debug|Any CPU
		{316F5260-9DD4-4428-B98B-014CE9F3097F}.Debug|Any CPU.Build.0 = Debug|Any CPU
		{316F5260-9DD4-4428-B98B-014CE9F3097F}.Release|Any CPU.ActiveCfg = Release|Any CPU
		{316F5260-9DD4-4428-B98B-014CE9F3097F}.Release|Any CPU.Build.0 = Release|Any CPU
	EndGlobalSection
	GlobalSection(SolutionProperties) = preSolution
		HideSolutionNode = FALSE
	EndGlobalSection
	GlobalSection(ExtensibilityGlobals) = postSolution
		SolutionGuid = {1BABB061-BCD5-455B-8A52-BD386176B2BF}
	EndGlobalSection
EndGlobal
